
Microsoft Visual Studio Solution File, Format Version 12.00
# Visual Studio Version 17
VisualStudioVersion = 17.1.32328.378
MinimumVisualStudioVersion = 10.0.40219.1
Project("{FAE04EC0-301F-11D3-BF4B-00C04F79EFBC}") = "ConsoleApp2", "ConsoleApp2\ConsoleApp2.csproj", "{C7A813E4-3743-4582-A59A-B0E7C1DDB366}"
EndProject
Global
	GlobalSection(SolutionConfigurationPlatforms) = preSolution
		Debug|Any CPU = Debug|Any CPU
		Release|Any CPU = Release|Any CPU
	EndGlobalSection
	GlobalSection(ProjectConfigurationPlatforms) = postSolution
		{C7A813E4-3743-4582-A59A-B0E7C1DDB366}.Debug|Any CPU.ActiveCfg = Debug|Any CPU
		{C7A813E4-3743-4582-A59A-B0E7C1DDB366}.Debug|Any CPU.Build.0 = Debug|Any CPU
		{C7A813E4-3743-4582-A59A-B0E7C1DDB366}.Release|Any CPU.ActiveCfg = Release|Any CPU
		{C7A813E4-3743-4582-A59A-B0E7C1DDB366}.Release|Any CPU.Build.0 = Release|Any CPU
	EndGlobalSection
	GlobalSection(SolutionProperties) = preSolution
		HideSolutionNode = FALSE
	EndGlobalSection
	GlobalSection(ExtensibilityGlobals) = postSolution
		SolutionGuid = {D0A431DC-9274-4795-88C4-91DB80E384EA}
	EndGlobalSection
EndGlobal
