
Microsoft Visual Studio Solution File, Format Version 12.00
# Visual Studio Version 17
VisualStudioVersion = 17.1.32328.378
MinimumVisualStudioVersion = 10.0.40219.1
Project("{FAE04EC0-301F-11D3-BF4B-00C04F79EFBC}") = "ASPApplication", "ASPApplication\ASPApplication.csproj", "{6C45DD50-6984-45FB-8D79-9B3F49867CEB}"
EndProject
Global
	GlobalSection(SolutionConfigurationPlatforms) = preSolution
		Debug|Any CPU = Debug|Any CPU
		Release|Any CPU = Release|Any CPU
	EndGlobalSection
	GlobalSection(ProjectConfigurationPlatforms) = postSolution
		{6C45DD50-6984-45FB-8D79-9B3F49867CEB}.Debug|Any CPU.ActiveCfg = Debug|Any CPU
		{6C45DD50-6984-45FB-8D79-9B3F49867CEB}.Debug|Any CPU.Build.0 = Debug|Any CPU
		{6C45DD50-6984-45FB-8D79-9B3F49867CEB}.Release|Any CPU.ActiveCfg = Release|Any CPU
		{6C45DD50-6984-45FB-8D79-9B3F49867CEB}.Release|Any CPU.Build.0 = Release|Any CPU
	EndGlobalSection
	GlobalSection(SolutionProperties) = preSolution
		HideSolutionNode = FALSE
	EndGlobalSection
	GlobalSection(ExtensibilityGlobals) = postSolution
		SolutionGuid = {A2035532-29EE-4DD8-9794-92656D31BD17}
	EndGlobalSection
EndGlobal
