
Microsoft Visual Studio Solution File, Format Version 12.00
# Visual Studio Version 17
VisualStudioVersion = 17.1.32328.378
MinimumVisualStudioVersion = 10.0.40219.1
Project("{FAE04EC0-301F-11D3-BF4B-00C04F79EFBC}") = "CSharp_Task_23", "CSharp_Task_23\CSharp_Task_23.csproj", "{7731E515-1658-48AC-A72C-62659DEBD868}"
EndProject
Global
	GlobalSection(SolutionConfigurationPlatforms) = preSolution
		Debug|Any CPU = Debug|Any CPU
		Release|Any CPU = Release|Any CPU
	EndGlobalSection
	GlobalSection(ProjectConfigurationPlatforms) = postSolution
		{7731E515-1658-48AC-A72C-62659DEBD868}.Debug|Any CPU.ActiveCfg = Debug|Any CPU
		{7731E515-1658-48AC-A72C-62659DEBD868}.Debug|Any CPU.Build.0 = Debug|Any CPU
		{7731E515-1658-48AC-A72C-62659DEBD868}.Release|Any CPU.ActiveCfg = Release|Any CPU
		{7731E515-1658-48AC-A72C-62659DEBD868}.Release|Any CPU.Build.0 = Release|Any CPU
	EndGlobalSection
	GlobalSection(SolutionProperties) = preSolution
		HideSolutionNode = FALSE
	EndGlobalSection
	GlobalSection(ExtensibilityGlobals) = postSolution
		SolutionGuid = {24453776-40CC-4930-9883-FAB5D072D6C9}
	EndGlobalSection
EndGlobal
